
Microsoft Visual Studio Solution File, Format Version 12.00
# Visual Studio Version 17
VisualStudioVersion = 17.2.32616.157
MinimumVisualStudioVersion = 10.0.40219.1
Project("{9A19103F-16F7-4668-BE54-9A1E7A4F7556}") = "smz3.countdown.wasm", "smz3.countdown.wasm.csproj", "{FFB7B077-97A6-4DA7-8E45-BDBA0AA89937}"
EndProject
Global
	GlobalSection(SolutionConfigurationPlatforms) = preSolution
		Debug|Any CPU = Debug|Any CPU
		Release|Any CPU = Release|Any CPU
	EndGlobalSection
	GlobalSection(ProjectConfigurationPlatforms) = postSolution
		{FFB7B077-97A6-4DA7-8E45-BDBA0AA89937}.Debug|Any CPU.ActiveCfg = Debug|Any CPU
		{FFB7B077-97A6-4DA7-8E45-BDBA0AA89937}.Debug|Any CPU.Build.0 = Debug|Any CPU
		{FFB7B077-97A6-4DA7-8E45-BDBA0AA89937}.Release|Any CPU.ActiveCfg = Release|Any CPU
		{FFB7B077-97A6-4DA7-8E45-BDBA0AA89937}.Release|Any CPU.Build.0 = Release|Any CPU
	EndGlobalSection
	GlobalSection(SolutionProperties) = preSolution
		HideSolutionNode = FALSE
	EndGlobalSection
	GlobalSection(ExtensibilityGlobals) = postSolution
		SolutionGuid = {AB1FC7A6-0E64-4AFB-957D-1DCFAA99E7C8}
	EndGlobalSection
EndGlobal
